
Microsoft Visual Studio Solution File, Format Version 12.00
# Visual Studio Version 17
VisualStudioVersion = 17.8.34330.188
MinimumVisualStudioVersion = 10.0.40219.1
Project("{8BC9CEB8-8B4A-11D0-8D11-00A0C91BC942}") = "CoLoRd parallel decompression", "CoLoRd parallel decompression.vcxproj", "{35F44AFC-088F-4B6C-A3E6-0401BE48BD43}"
EndProject
Global
	GlobalSection(SolutionConfigurationPlatforms) = preSolution
		Debug|x64 = Debug|x64
		Debug|x86 = Debug|x86
		Release|x64 = Release|x64
		Release|x86 = Release|x86
	EndGlobalSection
	GlobalSection(ProjectConfigurationPlatforms) = postSolution
		{35F44AFC-088F-4B6C-A3E6-0401BE48BD43}.Debug|x64.ActiveCfg = Debug|x64
		{35F44AFC-088F-4B6C-A3E6-0401BE48BD43}.Debug|x64.Build.0 = Debug|x64
		{35F44AFC-088F-4B6C-A3E6-0401BE48BD43}.Debug|x86.ActiveCfg = Debug|Win32
		{35F44AFC-088F-4B6C-A3E6-0401BE48BD43}.Debug|x86.Build.0 = Debug|Win32
		{35F44AFC-088F-4B6C-A3E6-0401BE48BD43}.Release|x64.ActiveCfg = Release|x64
		{35F44AFC-088F-4B6C-A3E6-0401BE48BD43}.Release|x64.Build.0 = Release|x64
		{35F44AFC-088F-4B6C-A3E6-0401BE48BD43}.Release|x86.ActiveCfg = Release|Win32
		{35F44AFC-088F-4B6C-A3E6-0401BE48BD43}.Release|x86.Build.0 = Release|Win32
	EndGlobalSection
	GlobalSection(SolutionProperties) = preSolution
		HideSolutionNode = FALSE
	EndGlobalSection
	GlobalSection(ExtensibilityGlobals) = postSolution
		SolutionGuid = {5FDC0196-CEC5-43DE-A2F2-700605A75E78}
	EndGlobalSection
EndGlobal
